[[package]]
name = "atomicwrites"
version = "1.1.5"
description = "Atomic file writes."
category = "dev"
optional = false
python-versions = "*"
platform = "UNKNOWN"

[[package]]
name = "attrs"
version = "18.1.0"
description = "Classes Without Boilerplate"
category = "dev"
optional = false
python-versions = "*"
platform = "*"

[[package]]
name = "cffi"
version = "1.11.5"
description = "Foreign Function Interface for Python calling C code."
category = "main"
optional = false
python-versions = "*"
platform = "*"

[package.dependencies]
pycparser = "*"
[package.requirements]
platform = "win32"
[[package]]
name = "colorama"
version = "0.3.9"
description = "Cross-platform colored terminal text."
category = "dev"
optional = false
python-versions = "*"
platform = "UNKNOWN"

[package.requirements]
platform = "win32"
[[package]]
name = "crontab"
version = "0.22.1"
description = "Parse and use crontab schedules in Python"
category = "main"
optional = false
python-versions = "*"
platform = "*"

[[package]]
name = "gevent"
version = "1.3.3"
description = "Coroutine-based network library"
category = "main"
optional = false
python-versions = ">=2.7,!=3.0.*,!=3.1.*,!=3.2.*,!=3.3.*"
platform = "*"

[package.dependencies]
cffi = ">=1.11.5"
greenlet = ">=0.4.13"
[[package]]
name = "greenlet"
version = "0.4.13"
description = "Lightweight in-process concurrent programming"
category = "main"
optional = false
python-versions = "*"
platform = "any"

[[package]]
name = "more-itertools"
version = "4.2.0"
description = "More routines for operating on iterables, beyond itertools"
category = "dev"
optional = false
python-versions = "*"
platform = "*"

[package.dependencies]
six = ">=1.0.0,<2.0.0"
[[package]]
name = "pluggy"
version = "0.6.0"
description = "plugin and hook calling mechanisms for python"
category = "dev"
optional = false
python-versions = ">=2.7, !=3.0.*, !=3.1.*, !=3.2.*, !=3.3.*"
platform = "unix"

[[package]]
name = "py"
version = "1.5.3"
description = "library with cross-python path, ini-parsing, io, code, log facilities"
category = "dev"
optional = false
python-versions = ">=2.7, !=3.0.*, !=3.1.*, !=3.2.*, !=3.3.*"
platform = "unix"

[[package]]
name = "pycparser"
version = "2.18"
description = "C parser in Python"
category = "main"
optional = false
python-versions = "*"
platform = "Cross Platform"

[[package]]
name = "pytest"
version = "3.6.1"
description = "pytest: simple powerful testing with Python"
category = "dev"
optional = false
python-versions = ">=2.7, !=3.0.*, !=3.1.*, !=3.2.*, !=3.3.*"
platform = "unix"

[package.dependencies]
colorama = "*"
pluggy = ">=0.5,<0.7"
atomicwrites = ">=1.0"
more-itertools = ">=4.0.0"
attrs = ">=17.4.0"
setuptools = "*"
six = ">=1.10.0"
py = ">=1.5.0"
[[package]]
name = "setuptools"
version = "39.2.0"
description = "Easily download, build, install, upgrade, and uninstall Python packages"
category = "dev"
optional = false
python-versions = ">=2.7,!=3.0.*,!=3.1.*,!=3.2.*"
platform = "*"

[[package]]
name = "six"
version = "1.11.0"
description = "Python 2 and 3 compatibility utilities"
category = "dev"
optional = false
python-versions = "*"
platform = "*"

[[package]]
name = "yapf"
version = "0.22.0"
description = "A formatter for Python code."
category = "dev"
optional = false
python-versions = "*"
platform = "*"

[metadata]
python-versions = "^3.5"
platform = "*"
content-hash = "e17f31124c7a66488ea2dafc6255fb24bc1cde6fa3d25dca777f06ef58573dba"

[metadata.hashes]
atomicwrites = [ "a24da68318b08ac9c9c45029f4a10371ab5b20e4226738e150e6e7c571630ae6", "240831ea22da9ab882b551b31d4225591e5e447a68c5e188db5b89ca1d487585",]
attrs = [ "4b90b09eeeb9b88c35bc642cbac057e45a5fd85367b985bd2809c62b7b939265", "e0d0eb91441a3b53dab4d9b743eafc1ac44476296a2053b6ca3af0b139faf87b",]
cffi = [ "1b0493c091a1898f1136e3f4f991a784437fac3673780ff9de3bcf46c80b6b50", "87f37fe5130574ff76c17cab61e7d2538a16f843bb7bca8ebbc4b12de3078596", "1553d1e99f035ace1c0544050622b7bc963374a00c467edafac50ad7bd276aef", "151b7eefd035c56b2b2e1eb9963c90c6302dc15fbd8c1c0a83a163ff2c7d7743", "edabd457cd23a02965166026fd9bfd196f4324fe6032e866d0f3bd0301cd486f", "ba5e697569f84b13640c9e193170e89c13c6244c24400fc57e88724ef610cd31", "79f9b6f7c46ae1f8ded75f68cf8ad50e5729ed4d590c74840471fc2823457d04", "b0f7d4a3df8f06cf49f9f121bead236e328074de6449866515cea4907bbc63d6", "4c91af6e967c2015729d3e69c2e51d92f9898c330d6a851bf8f121236f3defd3", "7a33145e04d44ce95bcd71e522b478d282ad0eafaf34fe1ec5bbd73e662f22b6", "95d5251e4b5ca00061f9d9f3d6fe537247e145a8524ae9fd30a2f8fbce993b5b", "b75110fb114fa366b29a027d0c9be3709579602ae111ff61674d28c93606acca", "ae5e35a2c189d397b91034642cb0eab0e346f776ec2eb44a49a459e6615d6e2e", "fdf1c1dc5bafc32bc5d08b054f94d659422b05aba244d6be4ddc1c72d9aa70fb", "9d1d3e63a4afdc29bd76ce6aa9d58c771cd1599fbba8cf5057e7860b203710dd", "be2a9b390f77fd7676d80bc3cdc4f8edb940d8c198ed2d8c0be1319018c778e1", "ed01918d545a38998bfa5902c7c00e0fee90e957ce036a4000a88e3fe2264917", "857959354ae3a6fa3da6651b966d13b0a8bed6bbc87a0de7b38a549db1d2a359", "2ba8a45822b7aee805ab49abfe7eec16b90587f7f26df20c71dd89e45a97076f", "a36c5c154f9d42ec176e6e620cb0dd275744aa1d804786a71ac37dc3661a5e95", "e55e22ac0a30023426564b1059b035973ec82186ddddbac867078435801c7801", "3eb6434197633b7748cea30bf0ba9f66727cdce45117a712b29a443943733257", "ecbb7b01409e9b782df5ded849c178a0aa7c906cf8c5a67368047daab282b184", "770f3782b31f50b68627e22f91cb182c48c47c02eb405fd689472aa7b7aa16dc", "d5d8555d9bfc3f02385c1c37e9f998e2011f0db4f90e250e5bc0c0a85a813085", "3c85641778460581c42924384f5e68076d724ceac0f267d66c757f7535069c93", "e90f17980e6ab0f3c2f3730e56d1fe9bcba1891eeea58966e89d352492cc74f4",]
colorama = [ "463f8483208e921368c9f306094eb6f725c6ca42b0f97e313cb5d5512459feda", "48eb22f4f8461b1df5734a074b57042430fb06e1d61bd1e11b078c0fe6d7a1f1",]
crontab = [ "cde162f45247e60d038e799c2768507bb461df81ab937ecfa16f44560f7d4103",]
gevent = [ "9bff994b9eb5fb2652af74dc8adb09914f3752db25381ccb2c75e2fa45e4f522", "ba94d6b3998fbb2828fb9d585e409ec46d958bafd7e3f185a14146c3615231d7", "df7794dc0117215a236b7efe83850dbf6ff90c34c5d0b4da01843f89efabc3d4", "795006da15d13227d811c09999d37acc92c43c27341a2c9ae96094135ad56908", "ac0d572a48275495db9513d7bb5d41ccf4f820b7df4594e704fa5891de0d86c4", "fd6fdfa71cf4a21d33c32df2b261b18aaf41128e6db29c1d27c5fa5e0a5459d5", "cb2f2810a4a1de40cec38d18d3255eb6f4b0778ed3b4dcce03b0b7d462f1f8d4", "f04bbc9b64696775a2367b1d07c124d1ae1d1d70bdd4523db28f81de126d22e6", "5756aabe722e158eff7a34124163f4c4f3dff01d078d00365ca21b380381906d", "bb3bd3aaec9cc51f6fcbb2e7ac2063a1a0160159fe0fee5e978ebceef4ed35d2", "6a28d9e375df29200a5e0503f899a45b902cc0e40f4e4de1471773d87c43607a", "a9fa2de95f203982135aaa80979270df83a195a38a152103cd3723b185e407ff", "e66bac19c88faad0884da2e7b95ef90053927e552e3e50046145014d54dd9d01", "4b668ea8a3e9e348aec21cd43e6fab63c5b50f0c6d57fa8b4cfb6cf9c72953d1", "73e50dccb4a2787002867ea59f40f5e0a5080f841d003f7660794bde216187c9", "8c461a5897e520dd5ec4de725dae030d8c0ac74d07c704aa1fb3b6453315b865", "42b667080f7ab662d9c13d2e4d03289ee807d7926af9917685c844e481141563", "01ee9787d0a2182c0d56026d3923f73e6879835b1a85d4f996d00d09f1ecab20", "0bae07cfd8a5a027b8e8a94d74e875d10809f2cc05bde84f31fd1748e4d43657", "8957d025e3c361b56b268f35e59777013827848e166d8c0219e47d3b80e2f1ac", "59465c7bce7671834f58b44ef62cd8626f1557a0e7e3de44a3b596056f8adc73",]
greenlet = [ "50643fd6d54fd919f9a0a577c5f7b71f5d21f0959ab48767bd4bb73ae0839500", "c7b04a6dc74087b1598de8d713198de4718fa30ec6cbb84959b26426c198e041", "b6ef0cabaf5a6ecb5ac122e689d25ba12433a90c7b067b12e5f28bdb7fb78254", "fcfadaf4bf68a27e5dc2f42cbb2f4b4ceea9f05d1d0b8f7787e640bed2801634", "b417bb7ff680d43e7bd7a13e2e08956fa6acb11fd432f74c97b7664f8bdb6ec1", "769b740aeebd584cd59232be84fdcaf6270b8adc356596cdea5b2152c82caaac", "c2de19c88bdb0366c976cc125dca1002ec1b346989d59524178adfd395e62421", "5b49b3049697aeae17ef7bf21267e69972d9e04917658b4e788986ea5cc518e8", "09ef2636ea35782364c830f07127d6c7a70542b178268714a9a9ba16318e7e8b", "f8f2a0ae8de0b49c7b5b2daca4f150fdd9c1173e854df2cce3b04123244f9f45", "1b7df09c6598f5cfb40f843ade14ed1eb40596e75cd79b6fa2efc750ba01bb01", "75c413551a436b462d5929255b6dc9c0c3c2b25cbeaee5271a56c7fda8ca49c0", "58798b5d30054bb4f6cf0f712f08e6092df23a718b69000786634a265e8911a9", "42118bf608e0288e35304b449a2d87e2ba77d1e373e8aa221ccdea073de026fa", "ad2383d39f13534f3ca5c48fe1fc0975676846dc39c2cece78c0f1f9891418e0", "1fff21a2da5f9e03ddc5bd99131a6b8edf3d7f9d6bc29ba21784323d17806ed7", "0fef83d43bf87a5196c91e73cb9772f945a4caaff91242766c5916d1dd1381e4",]
more-itertools = [ "a18d870ef2ffca2b8463c0070ad17b5978056f403fb64e3f15fe62a52db21cc0", "6703844a52d3588f951883005efcf555e49566a48afd4db4e965d69b883980d3", "2b6b9893337bfd9166bee6a62c2b0c9fe7735dcf85948b387ec8cba30e85d8e8",]
pluggy = [ "d345c8fe681115900d6da8d048ba67c25df42973bda370783cd58826442dcd7c", "e160a7fcf25762bb60efc7e171d4497ff1d8d2d75a3d0df7a21b76821ecbf5c5", "7f8ae7f5bdf75671a718d2daf0a64b7885f74510bcd98b1a0bb420eb9a9d0cff",]
py = [ "983f77f3331356039fdd792e9220b7b8ee1aa6bd2b25f567a963ff1de5a64f6a", "29c9fab495d7528e80ba1e343b958684f4ace687327e6f789a94bf3d1915f881",]
pycparser = [ "99a8ca03e29851d96616ad0404b4aad7d9ee16f25c9f9708a11faf2810f7b226",]
pytest = [ "26838b2bc58620e01675485491504c3aa7ee0faf335c37fcd5f8731ca4319591", "32c49a69566aa7c333188149ad48b58ac11a426d5352ea3d8f6ce843f88199cb",]
setuptools = [ "8fca9275c89964f13da985c3656cb00ba029d7f3916b37990927ffdf264e7926", "f7cddbb5f5c640311eb00eab6e849f7701fa70bf6a183fc8a2c33dd1d1672fb2",]
six = [ "832dc0e10feb1aa2c68dcc57dbb658f1c7e65b9b61af69048abc87a2db00a0eb", "70e8a77beed4562e7f14fe23a786b54f6296e34344c23bc42f07b15018ff98e9",]
yapf = [ "6567745f0b6656f9c33a73c56a393071c699e6284a70d793798ab6e3769d25ec", "a98a6eacca64d2b920558f4a2f78150db9474de821227e60deaa29f186121c63",]
